
Microsoft Visual Studio Solution File, Format Version 12.00
# Visual Studio Version 16
VisualStudioVersion = 16.0.29201.188
MinimumVisualStudioVersion = 10.0.40219.1
Project("{FAE04EC0-301F-11D3-BF4B-00C04F79EFBC}") = "AO5Interview", "AO5Interview\AO5Interview.csproj", "{F83D78D2-8C25-46BC-9F7C-AD5676525918}"
EndProject
Global
	GlobalSection(SolutionConfigurationPlatforms) = preSolution
		Debug|Any CPU = Debug|Any CPU
		Release|Any CPU = Release|Any CPU
	EndGlobalSection
	GlobalSection(ProjectConfigurationPlatforms) = postSolution
		{F83D78D2-8C25-46BC-9F7C-AD5676525918}.Debug|Any CPU.ActiveCfg = Debug|Any CPU
		{F83D78D2-8C25-46BC-9F7C-AD5676525918}.Debug|Any CPU.Build.0 = Debug|Any CPU
		{F83D78D2-8C25-46BC-9F7C-AD5676525918}.Release|Any CPU.ActiveCfg = Release|Any CPU
		{F83D78D2-8C25-46BC-9F7C-AD5676525918}.Release|Any CPU.Build.0 = Release|Any CPU
	EndGlobalSection
	GlobalSection(SolutionProperties) = preSolution
		HideSolutionNode = FALSE
	EndGlobalSection
	GlobalSection(ExtensibilityGlobals) = postSolution
		SolutionGuid = {735E3892-D076-4D68-A8BD-26F0D468E08B}
	EndGlobalSection
EndGlobal
